
Microsoft Visual Studio Solution File, Format Version 12.00
# Visual Studio Version 16
VisualStudioVersion = 16.0.29613.14
MinimumVisualStudioVersion = 10.0.40219.1
Project("{FAE04EC0-301F-11D3-BF4B-00C04F79EFBC}") = "BasicExercises", "BasicExercises\BasicExercises.csproj", "{97495672-98F0-4346-8F38-F5948A50C587}"
EndProject
Global
	GlobalSection(SolutionConfigurationPlatforms) = preSolution
		Debug|Any CPU = Debug|Any CPU
		Release|Any CPU = Release|Any CPU
	EndGlobalSection
	GlobalSection(ProjectConfigurationPlatforms) = postSolution
		{97495672-98F0-4346-8F38-F5948A50C587}.Debug|Any CPU.ActiveCfg = Debug|Any CPU
		{97495672-98F0-4346-8F38-F5948A50C587}.Debug|Any CPU.Build.0 = Debug|Any CPU
		{97495672-98F0-4346-8F38-F5948A50C587}.Release|Any CPU.ActiveCfg = Release|Any CPU
		{97495672-98F0-4346-8F38-F5948A50C587}.Release|Any CPU.Build.0 = Release|Any CPU
	EndGlobalSection
	GlobalSection(SolutionProperties) = preSolution
		HideSolutionNode = FALSE
	EndGlobalSection
	GlobalSection(ExtensibilityGlobals) = postSolution
		SolutionGuid = {0998B66C-074D-43B5-9698-7AE808BFD373}
	EndGlobalSection
EndGlobal
